
Microsoft Visual Studio Solution File, Format Version 12.00
# Visual Studio 15
Project("{FAE04EC0-301F-11D3-BF4B-00C04F79EFBC}") = "EAAutomationFramework", "EAAutomationFramework\EAAutomationFramework.csproj", "{CCA38FC6-B728-4DEF-8BA5-ADD0A695F2F4}"
EndProject
Project("{FAE04EC0-301F-11D3-BF4B-00C04F79EFBC}") = "EATesting", "EATesting\EATesting.csproj", "{DFACBC3C-5DBB-44D3-B107-6D1A3D521E0D}"
EndProject
Global
	GlobalSection(SolutionConfigurationPlatforms) = preSolution
		Debug|Any CPU = Debug|Any CPU
		Release|Any CPU = Release|Any CPU
	EndGlobalSection
	GlobalSection(ProjectConfigurationPlatforms) = postSolution
		{CCA38FC6-B728-4DEF-8BA5-ADD0A695F2F4}.Debug|Any CPU.ActiveCfg = Debug|Any CPU
		{CCA38FC6-B728-4DEF-8BA5-ADD0A695F2F4}.Debug|Any CPU.Build.0 = Debug|Any CPU
		{CCA38FC6-B728-4DEF-8BA5-ADD0A695F2F4}.Release|Any CPU.ActiveCfg = Release|Any CPU
		{CCA38FC6-B728-4DEF-8BA5-ADD0A695F2F4}.Release|Any CPU.Build.0 = Release|Any CPU
		{DFACBC3C-5DBB-44D3-B107-6D1A3D521E0D}.Debug|Any CPU.ActiveCfg = Debug|Any CPU
		{DFACBC3C-5DBB-44D3-B107-6D1A3D521E0D}.Debug|Any CPU.Build.0 = Debug|Any CPU
		{DFACBC3C-5DBB-44D3-B107-6D1A3D521E0D}.Release|Any CPU.ActiveCfg = Release|Any CPU
		{DFACBC3C-5DBB-44D3-B107-6D1A3D521E0D}.Release|Any CPU.Build.0 = Release|Any CPU
	EndGlobalSection
EndGlobal
